
Microsoft Visual Studio Solution File, Format Version 12.00
# Visual Studio 2012
# SharpDevelop 5.1
VisualStudioVersion = 12.0.20827.3
MinimumVisualStudioVersion = 10.0.40219.1
Project("{FAE04EC0-301F-11D3-BF4B-00C04F79EFBC}") = "AnotherThemeTool", "..\AnotherThemeTool\source\AnotherThemeTool.csproj", "{09E755FA-2F53-4AC6-9076-3164379848F5}"
EndProject
Project("{FAE04EC0-301F-11D3-BF4B-00C04F79EFBC}") = "ThemeTool.Common", "..\AnotherThemeTool\source\ThemeTool.Common.csproj", "{3375EE43-00A5-4B27-8063-F61B69CF5939}"
EndProject
Project("{FAE04EC0-301F-11D3-BF4B-00C04F79EFBC}") = "TestThemeWriter", "..\AnotherThemeTool.Util\TestThemeWriter.csproj", "{E41A82BD-B7B8-4C36-B5B8-D6CF74E363B2}"
EndProject
Global
	GlobalSection(SolutionConfigurationPlatforms) = preSolution
		Debug|Any CPU = Debug|Any CPU
		Release|Any CPU = Release|Any CPU
	EndGlobalSection
	GlobalSection(ProjectConfigurationPlatforms) = postSolution
		{09E755FA-2F53-4AC6-9076-3164379848F5}.Debug|Any CPU.ActiveCfg = Debug|Any CPU
		{09E755FA-2F53-4AC6-9076-3164379848F5}.Debug|Any CPU.Build.0 = Debug|Any CPU
		{09E755FA-2F53-4AC6-9076-3164379848F5}.Release|Any CPU.ActiveCfg = Release|Any CPU
		{09E755FA-2F53-4AC6-9076-3164379848F5}.Release|Any CPU.Build.0 = Release|Any CPU
		{3375EE43-00A5-4B27-8063-F61B69CF5939}.Debug|Any CPU.ActiveCfg = Debug|Any CPU
		{3375EE43-00A5-4B27-8063-F61B69CF5939}.Debug|Any CPU.Build.0 = Debug|Any CPU
		{3375EE43-00A5-4B27-8063-F61B69CF5939}.Release|Any CPU.ActiveCfg = Release|Any CPU
		{3375EE43-00A5-4B27-8063-F61B69CF5939}.Release|Any CPU.Build.0 = Release|Any CPU
		{E41A82BD-B7B8-4C36-B5B8-D6CF74E363B2}.Debug|Any CPU.ActiveCfg = Debug|Any CPU
		{E41A82BD-B7B8-4C36-B5B8-D6CF74E363B2}.Debug|Any CPU.Build.0 = Debug|Any CPU
		{E41A82BD-B7B8-4C36-B5B8-D6CF74E363B2}.Release|Any CPU.ActiveCfg = Release|Any CPU
		{E41A82BD-B7B8-4C36-B5B8-D6CF74E363B2}.Release|Any CPU.Build.0 = Release|Any CPU
	EndGlobalSection
	GlobalSection(SolutionProperties) = preSolution
		HideSolutionNode = FALSE
	EndGlobalSection
EndGlobal
